
Microsoft Visual Studio Solution File, Format Version 12.00
# Visual Studio Version 17
VisualStudioVersion = 17.14.37328.6 d17.14
MinimumVisualStudioVersion = 10.0.40219.1
Project("{FAE04EC0-301F-11D3-BF4B-00C04F79EFBC}") = "MC_BE", "MC_BE.csproj", "{604C3668-4C6A-6ACD-B2BD-BF1910A87A4E}"
EndProject
Global
	GlobalSection(SolutionConfigurationPlatforms) = preSolution
		Debug|Any CPU = Debug|Any CPU
		Release|Any CPU = Release|Any CPU
	EndGlobalSection
	GlobalSection(ProjectConfigurationPlatforms) = postSolution
		{604C3668-4C6A-6ACD-B2BD-BF1910A87A4E}.Debug|Any CPU.ActiveCfg = Debug|Any CPU
		{604C3668-4C6A-6ACD-B2BD-BF1910A87A4E}.Debug|Any CPU.Build.0 = Debug|Any CPU
		{604C3668-4C6A-6ACD-B2BD-BF1910A87A4E}.Release|Any CPU.ActiveCfg = Release|Any CPU
		{604C3668-4C6A-6ACD-B2BD-BF1910A87A4E}.Release|Any CPU.Build.0 = Release|Any CPU
	EndGlobalSection
	GlobalSection(SolutionProperties) = preSolution
		HideSolutionNode = FALSE
	EndGlobalSection
	GlobalSection(ExtensibilityGlobals) = postSolution
		SolutionGuid = {3447F45B-9009-4B2D-B016-99806205D35A}
	EndGlobalSection
EndGlobal
